
Microsoft Visual Studio Solution File, Format Version 12.00
# Visual Studio 15
VisualStudioVersion = 15.0.28307.539
MinimumVisualStudioVersion = 10.0.40219.1
Project("{8BC9CEB8-8B4A-11D0-8D11-00A0C91BC942}") = "Executor", "Executor\Executor.vcxproj", "{7D7A6BE2-059D-4686-BF7F-E2BBFC44CCCE}"
EndProject
Project("{8BC9CEB8-8B4A-11D0-8D11-00A0C91BC942}") = "Adder", "Adder\Adder.vcxproj", "{D0059570-EDD4-4616-AC7C-A87A89902DC4}"
EndProject
Project("{8BC9CEB8-8B4A-11D0-8D11-00A0C91BC942}") = "Multiplier", "Multiplier\Multiplier.vcxproj", "{93CBF68D-8C17-4D7E-A3AA-69734BB50047}"
EndProject
Project("{8BC9CEB8-8B4A-11D0-8D11-00A0C91BC942}") = "Xorer", "Xorer\Xorer.vcxproj", "{C7D442D1-4B1F-400B-935C-730D24D2ED94}"
EndProject
Global
	GlobalSection(SolutionConfigurationPlatforms) = preSolution
		Debug|x64 = Debug|x64
		Debug|x86 = Debug|x86
		Debug-Dll|x64 = Debug-Dll|x64
		Debug-Dll|x86 = Debug-Dll|x86
		Debug-Lib|x64 = Debug-Lib|x64
		Debug-Lib|x86 = Debug-Lib|x86
		Release|x64 = Release|x64
		Release|x86 = Release|x86
		Release-Dll|x64 = Release-Dll|x64
		Release-Dll|x86 = Release-Dll|x86
		Release-Lib|x64 = Release-Lib|x64
		Release-Lib|x86 = Release-Lib|x86
	EndGlobalSection
	GlobalSection(ProjectConfigurationPlatforms) = postSolution
		{7D7A6BE2-059D-4686-BF7F-E2BBFC44CCCE}.Debug|x64.ActiveCfg = Debug|x64
		{7D7A6BE2-059D-4686-BF7F-E2BBFC44CCCE}.Debug|x64.Build.0 = Debug|x64
		{7D7A6BE2-059D-4686-BF7F-E2BBFC44CCCE}.Debug|x86.ActiveCfg = Debug|Win32
		{7D7A6BE2-059D-4686-BF7F-E2BBFC44CCCE}.Debug|x86.Build.0 = Debug|Win32
		{7D7A6BE2-059D-4686-BF7F-E2BBFC44CCCE}.Debug-Dll|x64.ActiveCfg = Debug|x64
		{7D7A6BE2-059D-4686-BF7F-E2BBFC44CCCE}.Debug-Dll|x64.Build.0 = Debug|x64
		{7D7A6BE2-059D-4686-BF7F-E2BBFC44CCCE}.Debug-Dll|x86.ActiveCfg = Debug|Win32
		{7D7A6BE2-059D-4686-BF7F-E2BBFC44CCCE}.Debug-Dll|x86.Build.0 = Debug|Win32
		{7D7A6BE2-059D-4686-BF7F-E2BBFC44CCCE}.Debug-Lib|x64.ActiveCfg = Debug|x64
		{7D7A6BE2-059D-4686-BF7F-E2BBFC44CCCE}.Debug-Lib|x64.Build.0 = Debug|x64
		{7D7A6BE2-059D-4686-BF7F-E2BBFC44CCCE}.Debug-Lib|x86.ActiveCfg = Debug|Win32
		{7D7A6BE2-059D-4686-BF7F-E2BBFC44CCCE}.Debug-Lib|x86.Build.0 = Debug|Win32
		{7D7A6BE2-059D-4686-BF7F-E2BBFC44CCCE}.Release|x64.ActiveCfg = Release|x64
		{7D7A6BE2-059D-4686-BF7F-E2BBFC44CCCE}.Release|x64.Build.0 = Release|x64
		{7D7A6BE2-059D-4686-BF7F-E2BBFC44CCCE}.Release|x86.ActiveCfg = Release|Win32
		{7D7A6BE2-059D-4686-BF7F-E2BBFC44CCCE}.Release|x86.Build.0 = Release|Win32
		{7D7A6BE2-059D-4686-BF7F-E2BBFC44CCCE}.Release-Dll|x64.ActiveCfg = Release|x64
		{7D7A6BE2-059D-4686-BF7F-E2BBFC44CCCE}.Release-Dll|x64.Build.0 = Release|x64
		{7D7A6BE2-059D-4686-BF7F-E2BBFC44CCCE}.Release-Dll|x86.ActiveCfg = Release|Win32
		{7D7A6BE2-059D-4686-BF7F-E2BBFC44CCCE}.Release-Dll|x86.Build.0 = Release|Win32
		{7D7A6BE2-059D-4686-BF7F-E2BBFC44CCCE}.Release-Lib|x64.ActiveCfg = Release|x64
		{7D7A6BE2-059D-4686-BF7F-E2BBFC44CCCE}.Release-Lib|x64.Build.0 = Release|x64
		{7D7A6BE2-059D-4686-BF7F-E2BBFC44CCCE}.Release-Lib|x86.ActiveCfg = Release|Win32
		{7D7A6BE2-059D-4686-BF7F-E2BBFC44CCCE}.Release-Lib|x86.Build.0 = Release|Win32
		{D0059570-EDD4-4616-AC7C-A87A89902DC4}.Debug|x64.ActiveCfg = Debug|x64
		{D0059570-EDD4-4616-AC7C-A87A89902DC4}.Debug|x64.Build.0 = Debug|x64
		{D0059570-EDD4-4616-AC7C-A87A89902DC4}.Debug|x86.ActiveCfg = Debug|Win32
		{D0059570-EDD4-4616-AC7C-A87A89902DC4}.Debug|x86.Build.0 = Debug|Win32
		{D0059570-EDD4-4616-AC7C-A87A89902DC4}.Debug-Dll|x64.ActiveCfg = Debug|x64
		{D0059570-EDD4-4616-AC7C-A87A89902DC4}.Debug-Dll|x64.Build.0 = Debug|x64
		{D0059570-EDD4-4616-AC7C-A87A89902DC4}.Debug-Dll|x86.ActiveCfg = Debug|Win32
		{D0059570-EDD4-4616-AC7C-A87A89902DC4}.Debug-Dll|x86.Build.0 = Debug|Win32
		{D0059570-EDD4-4616-AC7C-A87A89902DC4}.Debug-Lib|x64.ActiveCfg = Debug|x64
		{D0059570-EDD4-4616-AC7C-A87A89902DC4}.Debug-Lib|x64.Build.0 = Debug|x64
		{D0059570-EDD4-4616-AC7C-A87A89902DC4}.Debug-Lib|x86.ActiveCfg = Debug|Win32
		{D0059570-EDD4-4616-AC7C-A87A89902DC4}.Debug-Lib|x86.Build.0 = Debug|Win32
		{D0059570-EDD4-4616-AC7C-A87A89902DC4}.Release|x64.ActiveCfg = Release|x64
		{D0059570-EDD4-4616-AC7C-A87A89902DC4}.Release|x64.Build.0 = Release|x64
		{D0059570-EDD4-4616-AC7C-A87A89902DC4}.Release|x86.ActiveCfg = Release|Win32
		{D0059570-EDD4-4616-AC7C-A87A89902DC4}.Release|x86.Build.0 = Release|Win32
		{D0059570-EDD4-4616-AC7C-A87A89902DC4}.Release-Dll|x64.ActiveCfg = Release|x64
		{D0059570-EDD4-4616-AC7C-A87A89902DC4}.Release-Dll|x64.Build.0 = Release|x64
		{D0059570-EDD4-4616-AC7C-A87A89902DC4}.Release-Dll|x86.ActiveCfg = Release|Win32
		{D0059570-EDD4-4616-AC7C-A87A89902DC4}.Release-Dll|x86.Build.0 = Release|Win32
		{D0059570-EDD4-4616-AC7C-A87A89902DC4}.Release-Lib|x64.ActiveCfg = Release|x64
		{D0059570-EDD4-4616-AC7C-A87A89902DC4}.Release-Lib|x64.Build.0 = Release|x64
		{D0059570-EDD4-4616-AC7C-A87A89902DC4}.Release-Lib|x86.ActiveCfg = Release|Win32
		{D0059570-EDD4-4616-AC7C-A87A89902DC4}.Release-Lib|x86.Build.0 = Release|Win32
		{93CBF68D-8C17-4D7E-A3AA-69734BB50047}.Debug|x64.ActiveCfg = Debug|x64
		{93CBF68D-8C17-4D7E-A3AA-69734BB50047}.Debug|x64.Build.0 = Debug|x64
		{93CBF68D-8C17-4D7E-A3AA-69734BB50047}.Debug|x86.ActiveCfg = Debug|Win32
		{93CBF68D-8C17-4D7E-A3AA-69734BB50047}.Debug|x86.Build.0 = Debug|Win32
		{93CBF68D-8C17-4D7E-A3AA-69734BB50047}.Debug-Dll|x64.ActiveCfg = Debug|x64
		{93CBF68D-8C17-4D7E-A3AA-69734BB50047}.Debug-Dll|x64.Build.0 = Debug|x64
		{93CBF68D-8C17-4D7E-A3AA-69734BB50047}.Debug-Dll|x86.ActiveCfg = Debug|Win32
		{93CBF68D-8C17-4D7E-A3AA-69734BB50047}.Debug-Dll|x86.Build.0 = Debug|Win32
		{93CBF68D-8C17-4D7E-A3AA-69734BB50047}.Debug-Lib|x64.ActiveCfg = Debug|x64
		{93CBF68D-8C17-4D7E-A3AA-69734BB50047}.Debug-Lib|x64.Build.0 = Debug|x64
		{93CBF68D-8C17-4D7E-A3AA-69734BB50047}.Debug-Lib|x86.ActiveCfg = Debug|Win32
		{93CBF68D-8C17-4D7E-A3AA-69734BB50047}.Debug-Lib|x86.Build.0 = Debug|Win32
		{93CBF68D-8C17-4D7E-A3AA-69734BB50047}.Release|x64.ActiveCfg = Release|x64
		{93CBF68D-8C17-4D7E-A3AA-69734BB50047}.Release|x64.Build.0 = Release|x64
		{93CBF68D-8C17-4D7E-A3AA-69734BB50047}.Release|x86.ActiveCfg = Release|Win32
		{93CBF68D-8C17-4D7E-A3AA-69734BB50047}.Release|x86.Build.0 = Release|Win32
		{93CBF68D-8C17-4D7E-A3AA-69734BB50047}.Release-Dll|x64.ActiveCfg = Release|x64
		{93CBF68D-8C17-4D7E-A3AA-69734BB50047}.Release-Dll|x64.Build.0 = Release|x64
		{93CBF68D-8C17-4D7E-A3AA-69734BB50047}.Release-Dll|x86.ActiveCfg = Release|Win32
		{93CBF68D-8C17-4D7E-A3AA-69734BB50047}.Release-Dll|x86.Build.0 = Release|Win32
		{93CBF68D-8C17-4D7E-A3AA-69734BB50047}.Release-Lib|x64.ActiveCfg = Release|x64
		{93CBF68D-8C17-4D7E-A3AA-69734BB50047}.Release-Lib|x64.Build.0 = Release|x64
		{93CBF68D-8C17-4D7E-A3AA-69734BB50047}.Release-Lib|x86.ActiveCfg = Release|Win32
		{93CBF68D-8C17-4D7E-A3AA-69734BB50047}.Release-Lib|x86.Build.0 = Release|Win32
		{C7D442D1-4B1F-400B-935C-730D24D2ED94}.Debug|x64.ActiveCfg = Debug|x64
		{C7D442D1-4B1F-400B-935C-730D24D2ED94}.Debug|x64.Build.0 = Debug|x64
		{C7D442D1-4B1F-400B-935C-730D24D2ED94}.Debug|x86.ActiveCfg = Debug|Win32
		{C7D442D1-4B1F-400B-935C-730D24D2ED94}.Debug|x86.Build.0 = Debug|Win32
		{C7D442D1-4B1F-400B-935C-730D24D2ED94}.Debug-Dll|x64.ActiveCfg = Debug|x64
		{C7D442D1-4B1F-400B-935C-730D24D2ED94}.Debug-Dll|x64.Build.0 = Debug|x64
		{C7D442D1-4B1F-400B-935C-730D24D2ED94}.Debug-Dll|x86.ActiveCfg = Debug|Win32
		{C7D442D1-4B1F-400B-935C-730D24D2ED94}.Debug-Dll|x86.Build.0 = Debug|Win32
		{C7D442D1-4B1F-400B-935C-730D24D2ED94}.Debug-Lib|x64.ActiveCfg = Debug|x64
		{C7D442D1-4B1F-400B-935C-730D24D2ED94}.Debug-Lib|x64.Build.0 = Debug|x64
		{C7D442D1-4B1F-400B-935C-730D24D2ED94}.Debug-Lib|x86.ActiveCfg = Debug|Win32
		{C7D442D1-4B1F-400B-935C-730D24D2ED94}.Debug-Lib|x86.Build.0 = Debug|Win32
		{C7D442D1-4B1F-400B-935C-730D24D2ED94}.Release|x64.ActiveCfg = Release|x64
		{C7D442D1-4B1F-400B-935C-730D24D2ED94}.Release|x64.Build.0 = Release|x64
		{C7D442D1-4B1F-400B-935C-730D24D2ED94}.Release|x86.ActiveCfg = Release|Win32
		{C7D442D1-4B1F-400B-935C-730D24D2ED94}.Release|x86.Build.0 = Release|Win32
		{C7D442D1-4B1F-400B-935C-730D24D2ED94}.Release-Dll|x64.ActiveCfg = Release|x64
		{C7D442D1-4B1F-400B-935C-730D24D2ED94}.Release-Dll|x64.Build.0 = Release|x64
		{C7D442D1-4B1F-400B-935C-730D24D2ED94}.Release-Dll|x86.ActiveCfg = Release|Win32
		{C7D442D1-4B1F-400B-935C-730D24D2ED94}.Release-Dll|x86.Build.0 = Release|Win32
		{C7D442D1-4B1F-400B-935C-730D24D2ED94}.Release-Lib|x64.ActiveCfg = Release|x64
		{C7D442D1-4B1F-400B-935C-730D24D2ED94}.Release-Lib|x64.Build.0 = Release|x64
		{C7D442D1-4B1F-400B-935C-730D24D2ED94}.Release-Lib|x86.ActiveCfg = Release|Win32
		{C7D442D1-4B1F-400B-935C-730D24D2ED94}.Release-Lib|x86.Build.0 = Release|Win32
	EndGlobalSection
	GlobalSection(SolutionProperties) = preSolution
		HideSolutionNode = FALSE
	EndGlobalSection
	GlobalSection(ExtensibilityGlobals) = postSolution
		SolutionGuid = {379D6528-6F65-4FD1-911C-69335A993645}
	EndGlobalSection
EndGlobal
